// !$*UTF8*$!
{
	archiveVersion = 1;
	classes = {
	};
	objectVersion = 55;
	objects = {

/* Begin PBXBuildFile section */
		10538BBB9994297BDD8DBFF5 /* Pods_ChatAppWithFirebase.framework in Frameworks */ = {isa = PBXBuildFile; fileRef = 066DFA90339E160A50722CA5 /* Pods_ChatAppWithFirebase.framework */; };
		361A61C72818275F00C464C2 /* UIColor-Extension.swift in Sources */ = {isa = PBXBuildFile; fileRef = 361A61C62818275F00C464C2 /* UIColor-Extension.swift */; };
		361A61C928183BCB00C464C2 /* ChatRoom.storyboard in Resources */ = {isa = PBXBuildFile; fileRef = 361A61C828183BCB00C464C2 /* ChatRoom.storyboard */; };
		361A61CB28183C2600C464C2 /* ChatRoomViewController.swift in Sources */ = {isa = PBXBuildFile; fileRef = 361A61CA28183C2600C464C2 /* ChatRoomViewController.swift */; };
		361A61CD2818426000C464C2 /* ChatRoomTableViewCell.xib in Resources */ = {isa = PBXBuildFile; fileRef = 361A61CC2818426000C464C2 /* ChatRoomTableViewCell.xib */; };
		361A61CF2818437400C464C2 /* ChatRoomTableViewCell.swift in Sources */ = {isa = PBXBuildFile; fileRef = 361A61CE2818437400C464C2 /* ChatRoomTableViewCell.swift */; };
		361A61D428197FBC00C464C2 /* ChatInputAccessoryView.xib in Resources */ = {isa = PBXBuildFile; fileRef = 361A61D328197FBC00C464C2 /* ChatInputAccessoryView.xib */; };
		361A61D62819810B00C464C2 /* ChatInputAccessoryView.swift in Sources */ = {isa = PBXBuildFile; fileRef = 361A61D52819810B00C464C2 /* ChatInputAccessoryView.swift */; };
		361A61D828227BDE00C464C2 /* GoogleService-Info.plist in Resources */ = {isa = PBXBuildFile; fileRef = 361A61D728227BDE00C464C2 /* GoogleService-Info.plist */; };
		361A61DA2822890800C464C2 /* SignUp.storyboard in Resources */ = {isa = PBXBuildFile; fileRef = 361A61D92822890800C464C2 /* SignUp.storyboard */; };
		361A61DC28240F0900C464C2 /* SignUpViewController.swift in Sources */ = {isa = PBXBuildFile; fileRef = 361A61DB28240F0900C464C2 /* SignUpViewController.swift */; };
		361E5D622827FF5E00BF36D1 /* User.swift in Sources */ = {isa = PBXBuildFile; fileRef = 361E5D612827FF5E00BF36D1 /* User.swift */; };
		362D8E2D2829DFFF00EAC347 /* UserList.storyboard in Resources */ = {isa = PBXBuildFile; fileRef = 362D8E2C2829DFFF00EAC347 /* UserList.storyboard */; };
		362D8E2F2829E17B00EAC347 /* UserListViewController.swift in Sources */ = {isa = PBXBuildFile; fileRef = 362D8E2E2829E17B00EAC347 /* UserListViewController.swift */; };
		36397B752816A4410083F5AE /* AppDelegate.swift in Sources */ = {isa = PBXBuildFile; fileRef = 36397B742816A4410083F5AE /* AppDelegate.swift */; };
		36397B772816A4410083F5AE /* SceneDelegate.swift in Sources */ = {isa = PBXBuildFile; fileRef = 36397B762816A4410083F5AE /* SceneDelegate.swift */; };
		36397B7E2816A4480083F5AE /* Assets.xcassets in Resources */ = {isa = PBXBuildFile; fileRef = 36397B7D2816A4480083F5AE /* Assets.xcassets */; };
		36397B812816A4480083F5AE /* LaunchScreen.storyboard in Resources */ = {isa = PBXBuildFile; fileRef = 36397B7F2816A4480083F5AE /* LaunchScreen.storyboard */; };
		36397B8C2816A4480083F5AE /* ChatAppWithFirebaseTests.swift in Sources */ = {isa = PBXBuildFile; fileRef = 36397B8B2816A4480083F5AE /* ChatAppWithFirebaseTests.swift */; };
		36397B962816A4480083F5AE /* ChatAppWithFirebaseUITests.swift in Sources */ = {isa = PBXBuildFile; fileRef = 36397B952816A4480083F5AE /* ChatAppWithFirebaseUITests.swift */; };
		36397B982816A4480083F5AE /* ChatAppWithFirebaseUITestsLaunchTests.swift in Sources */ = {isa = PBXBuildFile; fileRef = 36397B972816A4480083F5AE /* ChatAppWithFirebaseUITestsLaunchTests.swift */; };
		36397BA52816A78D0083F5AE /* ChatList.storyboard in Resources */ = {isa = PBXBuildFile; fileRef = 36397BA42816A78D0083F5AE /* ChatList.storyboard */; };
		36397BA72816A8230083F5AE /* ChatListViewController.swift in Sources */ = {isa = PBXBuildFile; fileRef = 36397BA62816A8230083F5AE /* ChatListViewController.swift */; };
		364169F7282D492F00ABF06C /* Message.swift in Sources */ = {isa = PBXBuildFile; fileRef = 364169F6282D492F00ABF06C /* Message.swift */; };
		364F50D8282AAFA70023FAA2 /* UIImageView-Extension.swift in Sources */ = {isa = PBXBuildFile; fileRef = 364F50D7282AAFA70023FAA2 /* UIImageView-Extension.swift */; };
		3652590A2830E37200D42D13 /* Login.storyboard in Resources */ = {isa = PBXBuildFile; fileRef = 365259092830E37200D42D13 /* Login.storyboard */; };
		3652590C2830EA2300D42D13 /* LoginViewController.swift in Sources */ = {isa = PBXBuildFile; fileRef = 3652590B2830EA2300D42D13 /* LoginViewController.swift */; };
		3652B486283D9EBD004BFAF4 /* UINavigationController-Extension.swift in Sources */ = {isa = PBXBuildFile; fileRef = 3652B485283D9EBD004BFAF4 /* UINavigationController-Extension.swift */; };
		3652B488283DA126004BFAF4 /* TabBarViewController.storyboard in Resources */ = {isa = PBXBuildFile; fileRef = 3652B487283DA126004BFAF4 /* TabBarViewController.storyboard */; };
		36541B11283DE5F40047D0E5 /* AccountSetting.storyboard in Resources */ = {isa = PBXBuildFile; fileRef = 36541B10283DE5F40047D0E5 /* AccountSetting.storyboard */; };
		36541B13283DE6350047D0E5 /* AccountSettingViewController.swift in Sources */ = {isa = PBXBuildFile; fileRef = 36541B12283DE6350047D0E5 /* AccountSettingViewController.swift */; };
		3655124C2840F3F100C7BCAF /* AccessorProtcol.swift in Sources */ = {isa = PBXBuildFile; fileRef = 3655124B2840F3F100C7BCAF /* AccessorProtcol.swift */; };
		3655124E2840F54800C7BCAF /* AccessorBase.swift in Sources */ = {isa = PBXBuildFile; fileRef = 3655124D2840F54800C7BCAF /* AccessorBase.swift */; };
		3659751F2841BF9B000A3AD6 /* UserAccessor.swift in Sources */ = {isa = PBXBuildFile; fileRef = 3659751E2841BF9B000A3AD6 /* UserAccessor.swift */; };
		365975212841C294000A3AD6 /* ChatRoomAccessor.swift in Sources */ = {isa = PBXBuildFile; fileRef = 365975202841C294000A3AD6 /* ChatRoomAccessor.swift */; };
		365CF74C283F3A5A002F0E12 /* UserListTableViewCell.xib in Resources */ = {isa = PBXBuildFile; fileRef = 365CF74B283F3A5A002F0E12 /* UserListTableViewCell.xib */; };
		365CF74E283F3AC1002F0E12 /* UserListTableViewCell.swift in Sources */ = {isa = PBXBuildFile; fileRef = 365CF74D283F3AC1002F0E12 /* UserListTableViewCell.swift */; };
		36655206282BFBFE005105CF /* ChatRoom.swift in Sources */ = {isa = PBXBuildFile; fileRef = 36655205282BFBFD005105CF /* ChatRoom.swift */; };
		36F4BDF4283C4F150077CC6E /* UIViewController-Extension.swift in Sources */ = {isa = PBXBuildFile; fileRef = 36F4BDF3283C4F150077CC6E /* UIViewController-Extension.swift */; };
		36F4BDF6283C4FF80077CC6E /* UIAlertController-Extension.swift in Sources */ = {isa = PBXBuildFile; fileRef = 36F4BDF5283C4FF80077CC6E /* UIAlertController-Extension.swift */; };
		3D2CB2ACC0C2625669833526 /* Pods_ChatAppWithFirebaseTests.framework in Frameworks */ = {isa = PBXBuildFile; fileRef = 32A0543DF24ECBDF95D3ECDC /* Pods_ChatAppWithFirebaseTests.framework */; };
		5D914614A573261E81A92590 /* Pods_ChatAppWithFirebase_ChatAppWithFirebaseUITests.framework in Frameworks */ = {isa = PBXBuildFile; fileRef = 4CE25A47AC8F26A620F77C99 /* Pods_ChatAppWithFirebase_ChatAppWithFirebaseUITests.framework */; };
/* End PBXBuildFile section */

/* Begin PBXContainerItemProxy section */
		36397B882816A4480083F5AE /* PBXContainerItemProxy */ = {
			isa = PBXContainerItemProxy;
			containerPortal = 36397B692816A4410083F5AE /* Project object */;
			proxyType = 1;
			remoteGlobalIDString = 36397B702816A4410083F5AE;
			remoteInfo = ChatAppWithFirebase;
		};
		36397B922816A4480083F5AE /* PBXContainerItemProxy */ = {
			isa = PBXContainerItemProxy;
			containerPortal = 36397B692816A4410083F5AE /* Project object */;
			proxyType = 1;
			remoteGlobalIDString = 36397B702816A4410083F5AE;
			remoteInfo = ChatAppWithFirebase;
		};
/* End PBXContainerItemProxy section */

/* Begin PBXFileReference section */
		066DFA90339E160A50722CA5 /* Pods_ChatAppWithFirebase.framework */ = {isa = PBXFileReference; explicitFileType = wrapper.framework; includeInIndex = 0; path = Pods_ChatAppWithFirebase.framework; sourceTree = BUILT_PRODUCTS_DIR; };
		32A0543DF24ECBDF95D3ECDC /* Pods_ChatAppWithFirebaseTests.framework */ = {isa = PBXFileReference; explicitFileType = wrapper.framework; includeInIndex = 0; path = Pods_ChatAppWithFirebaseTests.framework; sourceTree = BUILT_PRODUCTS_DIR; };
		361A61C62818275F00C464C2 /* UIColor-Extension.swift */ = {isa = PBXFileReference; lastKnownFileType = sourcecode.swift; path = "UIColor-Extension.swift"; sourceTree = "<group>"; };
		361A61C828183BCB00C464C2 /* ChatRoom.storyboard */ = {isa = PBXFileReference; lastKnownFileType = file.storyboard; path = ChatRoom.storyboard; sourceTree = "<group>"; };
		361A61CA28183C2600C464C2 /* ChatRoomViewController.swift */ = {isa = PBXFileReference; lastKnownFileType = sourcecode.swift; path = ChatRoomViewController.swift; sourceTree = "<group>"; };
		361A61CC2818426000C464C2 /* ChatRoomTableViewCell.xib */ = {isa = PBXFileReference; lastKnownFileType = file.xib; path = ChatRoomTableViewCell.xib; sourceTree = "<group>"; };
		361A61CE2818437400C464C2 /* ChatRoomTableViewCell.swift */ = {isa = PBXFileReference; lastKnownFileType = sourcecode.swift; path = ChatRoomTableViewCell.swift; sourceTree = "<group>"; };
		361A61D328197FBC00C464C2 /* ChatInputAccessoryView.xib */ = {isa = PBXFileReference; lastKnownFileType = file.xib; path = ChatInputAccessoryView.xib; sourceTree = "<group>"; };
		361A61D52819810B00C464C2 /* ChatInputAccessoryView.swift */ = {isa = PBXFileReference; lastKnownFileType = sourcecode.swift; path = ChatInputAccessoryView.swift; sourceTree = "<group>"; };
		361A61D728227BDE00C464C2 /* GoogleService-Info.plist */ = {isa = PBXFileReference; fileEncoding = 4; lastKnownFileType = text.plist.xml; path = "GoogleService-Info.plist"; sourceTree = "<group>"; };
		361A61D92822890800C464C2 /* SignUp.storyboard */ = {isa = PBXFileReference; lastKnownFileType = file.storyboard; path = SignUp.storyboard; sourceTree = "<group>"; };
		361A61DB28240F0900C464C2 /* SignUpViewController.swift */ = {isa = PBXFileReference; lastKnownFileType = sourcecode.swift; path = SignUpViewController.swift; sourceTree = "<group>"; };
		361E5D612827FF5E00BF36D1 /* User.swift */ = {isa = PBXFileReference; lastKnownFileType = sourcecode.swift; path = User.swift; sourceTree = "<group>"; };
		362D8E2C2829DFFF00EAC347 /* UserList.storyboard */ = {isa = PBXFileReference; lastKnownFileType = file.storyboard; path = UserList.storyboard; sourceTree = "<group>"; };
		362D8E2E2829E17B00EAC347 /* UserListViewController.swift */ = {isa = PBXFileReference; lastKnownFileType = sourcecode.swift; path = UserListViewController.swift; sourceTree = "<group>"; };
		36397B712816A4410083F5AE /* ChatAppWithFirebase.app */ = {isa = PBXFileReference; explicitFileType = wrapper.application; includeInIndex = 0; path = ChatAppWithFirebase.app; sourceTree = BUILT_PRODUCTS_DIR; };
		36397B742816A4410083F5AE /* AppDelegate.swift */ = {isa = PBXFileReference; lastKnownFileType = sourcecode.swift; path = AppDelegate.swift; sourceTree = "<group>"; };
		36397B762816A4410083F5AE /* SceneDelegate.swift */ = {isa = PBXFileReference; lastKnownFileType = sourcecode.swift; path = SceneDelegate.swift; sourceTree = "<group>"; };
		36397B7D2816A4480083F5AE /* Assets.xcassets */ = {isa = PBXFileReference; lastKnownFileType = folder.assetcatalog; path = Assets.xcassets; sourceTree = "<group>"; };
		36397B802816A4480083F5AE /* Base */ = {isa = PBXFileReference; lastKnownFileType = file.storyboard; name = Base; path = Base.lproj/LaunchScreen.storyboard; sourceTree = "<group>"; };
		36397B822816A4480083F5AE /* Info.plist */ = {isa = PBXFileReference; lastKnownFileType = text.plist.xml; path = Info.plist; sourceTree = "<group>"; };
		36397B872816A4480083F5AE /* ChatAppWithFirebaseTests.xctest */ = {isa = PBXFileReference; explicitFileType = wrapper.cfbundle; includeInIndex = 0; path = ChatAppWithFirebaseTests.xctest; sourceTree = BUILT_PRODUCTS_DIR; };
		36397B8B2816A4480083F5AE /* ChatAppWithFirebaseTests.swift */ = {isa = PBXFileReference; lastKnownFileType = sourcecode.swift; path = ChatAppWithFirebaseTests.swift; sourceTree = "<group>"; };
		36397B912816A4480083F5AE /* ChatAppWithFirebaseUITests.xctest */ = {isa = PBXFileReference; explicitFileType = wrapper.cfbundle; includeInIndex = 0; path = ChatAppWithFirebaseUITests.xctest; sourceTree = BUILT_PRODUCTS_DIR; };
		36397B952816A4480083F5AE /* ChatAppWithFirebaseUITests.swift */ = {isa = PBXFileReference; lastKnownFileType = sourcecode.swift; path = ChatAppWithFirebaseUITests.swift; sourceTree = "<group>"; };
		36397B972816A4480083F5AE /* ChatAppWithFirebaseUITestsLaunchTests.swift */ = {isa = PBXFileReference; lastKnownFileType = sourcecode.swift; path = ChatAppWithFirebaseUITestsLaunchTests.swift; sourceTree = "<group>"; };
		36397BA42816A78D0083F5AE /* ChatList.storyboard */ = {isa = PBXFileReference; lastKnownFileType = file.storyboard; path = ChatList.storyboard; sourceTree = "<group>"; };
		36397BA62816A8230083F5AE /* ChatListViewController.swift */ = {isa = PBXFileReference; lastKnownFileType = sourcecode.swift; path = ChatListViewController.swift; sourceTree = "<group>"; };
		364169F6282D492F00ABF06C /* Message.swift */ = {isa = PBXFileReference; lastKnownFileType = sourcecode.swift; path = Message.swift; sourceTree = "<group>"; };
		364F50D7282AAFA70023FAA2 /* UIImageView-Extension.swift */ = {isa = PBXFileReference; lastKnownFileType = sourcecode.swift; path = "UIImageView-Extension.swift"; sourceTree = "<group>"; };
		365259092830E37200D42D13 /* Login.storyboard */ = {isa = PBXFileReference; lastKnownFileType = file.storyboard; path = Login.storyboard; sourceTree = "<group>"; };
		3652590B2830EA2300D42D13 /* LoginViewController.swift */ = {isa = PBXFileReference; lastKnownFileType = sourcecode.swift; path = LoginViewController.swift; sourceTree = "<group>"; };
		3652B485283D9EBD004BFAF4 /* UINavigationController-Extension.swift */ = {isa = PBXFileReference; lastKnownFileType = sourcecode.swift; path = "UINavigationController-Extension.swift"; sourceTree = "<group>"; };
		3652B487283DA126004BFAF4 /* TabBarViewController.storyboard */ = {isa = PBXFileReference; lastKnownFileType = file.storyboard; path = TabBarViewController.storyboard; sourceTree = "<group>"; };
		36541B10283DE5F40047D0E5 /* AccountSetting.storyboard */ = {isa = PBXFileReference; lastKnownFileType = file.storyboard; path = AccountSetting.storyboard; sourceTree = "<group>"; };
		36541B12283DE6350047D0E5 /* AccountSettingViewController.swift */ = {isa = PBXFileReference; lastKnownFileType = sourcecode.swift; path = AccountSettingViewController.swift; sourceTree = "<group>"; };
		3655124B2840F3F100C7BCAF /* AccessorProtcol.swift */ = {isa = PBXFileReference; lastKnownFileType = sourcecode.swift; path = AccessorProtcol.swift; sourceTree = "<group>"; };
		3655124D2840F54800C7BCAF /* AccessorBase.swift */ = {isa = PBXFileReference; lastKnownFileType = sourcecode.swift; path = AccessorBase.swift; sourceTree = "<group>"; };
		3659751E2841BF9B000A3AD6 /* UserAccessor.swift */ = {isa = PBXFileReference; lastKnownFileType = sourcecode.swift; path = UserAccessor.swift; sourceTree = "<group>"; };
		365975202841C294000A3AD6 /* ChatRoomAccessor.swift */ = {isa = PBXFileReference; lastKnownFileType = sourcecode.swift; path = ChatRoomAccessor.swift; sourceTree = "<group>"; };
		365CF74B283F3A5A002F0E12 /* UserListTableViewCell.xib */ = {isa = PBXFileReference; lastKnownFileType = file.xib; path = UserListTableViewCell.xib; sourceTree = "<group>"; };
		365CF74D283F3AC1002F0E12 /* UserListTableViewCell.swift */ = {isa = PBXFileReference; lastKnownFileType = sourcecode.swift; path = UserListTableViewCell.swift; sourceTree = "<group>"; };
		36655205282BFBFD005105CF /* ChatRoom.swift */ = {isa = PBXFileReference; lastKnownFileType = sourcecode.swift; path = ChatRoom.swift; sourceTree = "<group>"; };
		36F4BDF3283C4F150077CC6E /* UIViewController-Extension.swift */ = {isa = PBXFileReference; lastKnownFileType = sourcecode.swift; path = "UIViewController-Extension.swift"; sourceTree = "<group>"; };
		36F4BDF5283C4FF80077CC6E /* UIAlertController-Extension.swift */ = {isa = PBXFileReference; lastKnownFileType = sourcecode.swift; path = "UIAlertController-Extension.swift"; sourceTree = "<group>"; };
		4CE25A47AC8F26A620F77C99 /* Pods_ChatAppWithFirebase_ChatAppWithFirebaseUITests.framework */ = {isa = PBXFileReference; explicitFileType = wrapper.framework; includeInIndex = 0; path = Pods_ChatAppWithFirebase_ChatAppWithFirebaseUITests.framework; sourceTree = BUILT_PRODUCTS_DIR; };
		4E50A12F55EA31CDDCA2ADD0 /* Pods-ChatAppWithFirebaseTests.release.xcconfig */ = {isa = PBXFileReference; includeInIndex = 1; lastKnownFileType = text.xcconfig; name = "Pods-ChatAppWithFirebaseTests.release.xcconfig"; path = "Target Support Files/Pods-ChatAppWithFirebaseTests/Pods-ChatAppWithFirebaseTests.release.xcconfig"; sourceTree = "<group>"; };
		5A6AACBA3136EB37F70FF097 /* Pods-ChatAppWithFirebase.debug.xcconfig */ = {isa = PBXFileReference; includeInIndex = 1; lastKnownFileType = text.xcconfig; name = "Pods-ChatAppWithFirebase.debug.xcconfig"; path = "Target Support Files/Pods-ChatAppWithFirebase/Pods-ChatAppWithFirebase.debug.xcconfig"; sourceTree = "<group>"; };
		5E9173473CAE558CFCC8E773 /* Pods-ChatAppWithFirebase-ChatAppWithFirebaseUITests.release.xcconfig */ = {isa = PBXFileReference; includeInIndex = 1; lastKnownFileType = text.xcconfig; name = "Pods-ChatAppWithFirebase-ChatAppWithFirebaseUITests.release.xcconfig"; path = "Target Support Files/Pods-ChatAppWithFirebase-ChatAppWithFirebaseUITests/Pods-ChatAppWithFirebase-ChatAppWithFirebaseUITests.release.xcconfig"; sourceTree = "<group>"; };
		67D49CB23275520E2F1CC290 /* Pods-ChatAppWithFirebase-ChatAppWithFirebaseUITests.debug.xcconfig */ = {isa = PBXFileReference; includeInIndex = 1; lastKnownFileType = text.xcconfig; name = "Pods-ChatAppWithFirebase-ChatAppWithFirebaseUITests.debug.xcconfig"; path = "Target Support Files/Pods-ChatAppWithFirebase-ChatAppWithFirebaseUITests/Pods-ChatAppWithFirebase-ChatAppWithFirebaseUITests.debug.xcconfig"; sourceTree = "<group>"; };
		BDC98C15DEA50926FD4C5682 /* Pods-ChatAppWithFirebase.release.xcconfig */ = {isa = PBXFileReference; includeInIndex = 1; lastKnownFileType = text.xcconfig; name = "Pods-ChatAppWithFirebase.release.xcconfig"; path = "Target Support Files/Pods-ChatAppWithFirebase/Pods-ChatAppWithFirebase.release.xcconfig"; sourceTree = "<group>"; };
		F4AE1AE84F27A7BC018885FE /* Pods-ChatAppWithFirebaseTests.debug.xcconfig */ = {isa = PBXFileReference; includeInIndex = 1; lastKnownFileType = text.xcconfig; name = "Pods-ChatAppWithFirebaseTests.debug.xcconfig"; path = "Target Support Files/Pods-ChatAppWithFirebaseTests/Pods-ChatAppWithFirebaseTests.debug.xcconfig"; sourceTree = "<group>"; };
/* End PBXFileReference section */

/* Begin PBXFrameworksBuildPhase section */
		36397B6E2816A4410083F5AE /* Frameworks */ = {
			isa = PBXFrameworksBuildPhase;
			buildActionMask = 2147483647;
			files = (
				10538BBB9994297BDD8DBFF5 /* Pods_ChatAppWithFirebase.framework in Frameworks */,
			);
			runOnlyForDeploymentPostprocessing = 0;
		};
		36397B842816A4480083F5AE /* Frameworks */ = {
			isa = PBXFrameworksBuildPhase;
			buildActionMask = 2147483647;
			files = (
				3D2CB2ACC0C2625669833526 /* Pods_ChatAppWithFirebaseTests.framework in Frameworks */,
			);
			runOnlyForDeploymentPostprocessing = 0;
		};
		36397B8E2816A4480083F5AE /* Frameworks */ = {
			isa = PBXFrameworksBuildPhase;
			buildActionMask = 2147483647;
			files = (
				5D914614A573261E81A92590 /* Pods_ChatAppWithFirebase_ChatAppWithFirebaseUITests.framework in Frameworks */,
			);
			runOnlyForDeploymentPostprocessing = 0;
		};
/* End PBXFrameworksBuildPhase section */

/* Begin PBXGroup section */
		361A61C4281826F300C464C2 /* Controllers */ = {
			isa = PBXGroup;
			children = (
				36397BA62816A8230083F5AE /* ChatListViewController.swift */,
				361A61CA28183C2600C464C2 /* ChatRoomViewController.swift */,
				361A61DB28240F0900C464C2 /* SignUpViewController.swift */,
				362D8E2E2829E17B00EAC347 /* UserListViewController.swift */,
				3652590B2830EA2300D42D13 /* LoginViewController.swift */,
				36541B12283DE6350047D0E5 /* AccountSettingViewController.swift */,
			);
			path = Controllers;
			sourceTree = "<group>";
		};
		361A61C52818270200C464C2 /* Storyboards */ = {
			isa = PBXGroup;
			children = (
				36397BA42816A78D0083F5AE /* ChatList.storyboard */,
				361A61C828183BCB00C464C2 /* ChatRoom.storyboard */,
				361A61D92822890800C464C2 /* SignUp.storyboard */,
				365259092830E37200D42D13 /* Login.storyboard */,
				362D8E2C2829DFFF00EAC347 /* UserList.storyboard */,
				3652B487283DA126004BFAF4 /* TabBarViewController.storyboard */,
				36541B10283DE5F40047D0E5 /* AccountSetting.storyboard */,
			);
			path = Storyboards;
			sourceTree = "<group>";
		};
		361A61D028197EE900C464C2 /* Xibs */ = {
			isa = PBXGroup;
			children = (
				361A61CC2818426000C464C2 /* ChatRoomTableViewCell.xib */,
				361A61D328197FBC00C464C2 /* ChatInputAccessoryView.xib */,
				365CF74B283F3A5A002F0E12 /* UserListTableViewCell.xib */,
			);
			path = Xibs;
			sourceTree = "<group>";
		};
		361A61D128197F0900C464C2 /* Views */ = {
			isa = PBXGroup;
			children = (
				361A61CE2818437400C464C2 /* ChatRoomTableViewCell.swift */,
				361A61D52819810B00C464C2 /* ChatInputAccessoryView.swift */,
				365CF74D283F3AC1002F0E12 /* UserListTableViewCell.swift */,
			);
			path = Views;
			sourceTree = "<group>";
		};
		361A61D228197F2800C464C2 /* Extensions */ = {
			isa = PBXGroup;
			children = (
				361A61C62818275F00C464C2 /* UIColor-Extension.swift */,
				364F50D7282AAFA70023FAA2 /* UIImageView-Extension.swift */,
				36F4BDF3283C4F150077CC6E /* UIViewController-Extension.swift */,
				36F4BDF5283C4FF80077CC6E /* UIAlertController-Extension.swift */,
				3652B485283D9EBD004BFAF4 /* UINavigationController-Extension.swift */,
			);
			path = Extensions;
			sourceTree = "<group>";
		};
		361E5D602827FF3C00BF36D1 /* Models */ = {
			isa = PBXGroup;
			children = (
				361E5D612827FF5E00BF36D1 /* User.swift */,
				36655205282BFBFD005105CF /* ChatRoom.swift */,
				364169F6282D492F00ABF06C /* Message.swift */,
			);
			path = Models;
			sourceTree = "<group>";
		};
		36397B682816A4410083F5AE = {
			isa = PBXGroup;
			children = (
				36397B732816A4410083F5AE /* ChatAppWithFirebase */,
				36397B8A2816A4480083F5AE /* ChatAppWithFirebaseTests */,
				36397B942816A4480083F5AE /* ChatAppWithFirebaseUITests */,
				36397B722816A4410083F5AE /* Products */,
				DE363C71AF228BF2B96D039A /* Pods */,
				C3A8197E9C5D409A9D2187C7 /* Frameworks */,
			);
			sourceTree = "<group>";
		};
		36397B722816A4410083F5AE /* Products */ = {
			isa = PBXGroup;
			children = (
				36397B712816A4410083F5AE /* ChatAppWithFirebase.app */,
				36397B872816A4480083F5AE /* ChatAppWithFirebaseTests.xctest */,
				36397B912816A4480083F5AE /* ChatAppWithFirebaseUITests.xctest */,
			);
			name = Products;
			sourceTree = "<group>";
		};
		36397B732816A4410083F5AE /* ChatAppWithFirebase */ = {
			isa = PBXGroup;
			children = (
				3659751D2841BF7D000A3AD6 /* RealmAccessor */,
				361E5D602827FF3C00BF36D1 /* Models */,
				361A61D228197F2800C464C2 /* Extensions */,
				361A61D128197F0900C464C2 /* Views */,
				361A61D028197EE900C464C2 /* Xibs */,
				361A61C52818270200C464C2 /* Storyboards */,
				361A61C4281826F300C464C2 /* Controllers */,
				36397B742816A4410083F5AE /* AppDelegate.swift */,
				36397B762816A4410083F5AE /* SceneDelegate.swift */,
				36397B7D2816A4480083F5AE /* Assets.xcassets */,
				36397B7F2816A4480083F5AE /* LaunchScreen.storyboard */,
				36397B822816A4480083F5AE /* Info.plist */,
				361A61D728227BDE00C464C2 /* GoogleService-Info.plist */,
			);
			path = ChatAppWithFirebase;
			sourceTree = "<group>";
		};
		36397B8A2816A4480083F5AE /* ChatAppWithFirebaseTests */ = {
			isa = PBXGroup;
			children = (
				36397B8B2816A4480083F5AE /* ChatAppWithFirebaseTests.swift */,
			);
			path = ChatAppWithFirebaseTests;
			sourceTree = "<group>";
		};
		36397B942816A4480083F5AE /* ChatAppWithFirebaseUITests */ = {
			isa = PBXGroup;
			children = (
				36397B952816A4480083F5AE /* ChatAppWithFirebaseUITests.swift */,
				36397B972816A4480083F5AE /* ChatAppWithFirebaseUITestsLaunchTests.swift */,
			);
			path = ChatAppWithFirebaseUITests;
			sourceTree = "<group>";
		};
		3659751D2841BF7D000A3AD6 /* RealmAccessor */ = {
			isa = PBXGroup;
			children = (
				3655124B2840F3F100C7BCAF /* AccessorProtcol.swift */,
				3655124D2840F54800C7BCAF /* AccessorBase.swift */,
				3659751E2841BF9B000A3AD6 /* UserAccessor.swift */,
				365975202841C294000A3AD6 /* ChatRoomAccessor.swift */,
			);
			path = RealmAccessor;
			sourceTree = "<group>";
		};
		C3A8197E9C5D409A9D2187C7 /* Frameworks */ = {
			isa = PBXGroup;
			children = (
				066DFA90339E160A50722CA5 /* Pods_ChatAppWithFirebase.framework */,
				4CE25A47AC8F26A620F77C99 /* Pods_ChatAppWithFirebase_ChatAppWithFirebaseUITests.framework */,
				32A0543DF24ECBDF95D3ECDC /* Pods_ChatAppWithFirebaseTests.framework */,
			);
			name = Frameworks;
			sourceTree = "<group>";
		};
		DE363C71AF228BF2B96D039A /* Pods */ = {
			isa = PBXGroup;
			children = (
				5A6AACBA3136EB37F70FF097 /* Pods-ChatAppWithFirebase.debug.xcconfig */,
				BDC98C15DEA50926FD4C5682 /* Pods-ChatAppWithFirebase.release.xcconfig */,
				67D49CB23275520E2F1CC290 /* Pods-ChatAppWithFirebase-ChatAppWithFirebaseUITests.debug.xcconfig */,
				5E9173473CAE558CFCC8E773 /* Pods-ChatAppWithFirebase-ChatAppWithFirebaseUITests.release.xcconfig */,
				F4AE1AE84F27A7BC018885FE /* Pods-ChatAppWithFirebaseTests.debug.xcconfig */,
				4E50A12F55EA31CDDCA2ADD0 /* Pods-ChatAppWithFirebaseTests.release.xcconfig */,
			);
			path = Pods;
			sourceTree = "<group>";
		};
/* End PBXGroup section */

/* Begin PBXNativeTarget section */
		36397B702816A4410083F5AE /* ChatAppWithFirebase */ = {
			isa = PBXNativeTarget;
			buildConfigurationList = 36397B9B2816A4480083F5AE /* Build configuration list for PBXNativeTarget "ChatAppWithFirebase" */;
			buildPhases = (
				5563DF5A6A5E5C44257ABD47 /* [CP] Check Pods Manifest.lock */,
				36397B6D2816A4410083F5AE /* Sources */,
				36397B6E2816A4410083F5AE /* Frameworks */,
				36397B6F2816A4410083F5AE /* Resources */,
				A73D7B5885DD4E3318363029 /* [CP] Embed Pods Frameworks */,
			);
			buildRules = (
			);
			dependencies = (
			);
			name = ChatAppWithFirebase;
			productName = ChatAppWithFirebase;
			productReference = 36397B712816A4410083F5AE /* ChatAppWithFirebase.app */;
			productType = "com.apple.product-type.application";
		};
		36397B862816A4480083F5AE /* ChatAppWithFirebaseTests */ = {
			isa = PBXNativeTarget;
			buildConfigurationList = 36397B9E2816A4480083F5AE /* Build configuration list for PBXNativeTarget "ChatAppWithFirebaseTests" */;
			buildPhases = (
				C5F1062C48903B8F41C4A894 /* [CP] Check Pods Manifest.lock */,
				36397B832816A4480083F5AE /* Sources */,
				36397B842816A4480083F5AE /* Frameworks */,
				36397B852816A4480083F5AE /* Resources */,
			);
			buildRules = (
			);
			dependencies = (
				36397B892816A4480083F5AE /* PBXTargetDependency */,
			);
			name = ChatAppWithFirebaseTests;
			productName = ChatAppWithFirebaseTests;
			productReference = 36397B872816A4480083F5AE /* ChatAppWithFirebaseTests.xctest */;
			productType = "com.apple.product-type.bundle.unit-test";
		};
		36397B902816A4480083F5AE /* ChatAppWithFirebaseUITests */ = {
			isa = PBXNativeTarget;
			buildConfigurationList = 36397BA12816A4480083F5AE /* Build configuration list for PBXNativeTarget "ChatAppWithFirebaseUITests" */;
			buildPhases = (
				7560DA2D8F173D8257739480 /* [CP] Check Pods Manifest.lock */,
				36397B8D2816A4480083F5AE /* Sources */,
				36397B8E2816A4480083F5AE /* Frameworks */,
				36397B8F2816A4480083F5AE /* Resources */,
				E26AB9E0439D1EBA26FFAF52 /* [CP] Embed Pods Frameworks */,
			);
			buildRules = (
			);
			dependencies = (
				36397B932816A4480083F5AE /* PBXTargetDependency */,
			);
			name = ChatAppWithFirebaseUITests;
			productName = ChatAppWithFirebaseUITests;
			productReference = 36397B912816A4480083F5AE /* ChatAppWithFirebaseUITests.xctest */;
			productType = "com.apple.product-type.bundle.ui-testing";
		};
/* End PBXNativeTarget section */

/* Begin PBXProject section */
		36397B692816A4410083F5AE /* Project object */ = {
			isa = PBXProject;
			attributes = {
				BuildIndependentTargetsInParallel = 1;
				LastSwiftUpdateCheck = 1300;
				LastUpgradeCheck = 1300;
				TargetAttributes = {
					36397B702816A4410083F5AE = {
						CreatedOnToolsVersion = 13.0;
					};
					36397B862816A4480083F5AE = {
						CreatedOnToolsVersion = 13.0;
						TestTargetID = 36397B702816A4410083F5AE;
					};
					36397B902816A4480083F5AE = {
						CreatedOnToolsVersion = 13.0;
						TestTargetID = 36397B702816A4410083F5AE;
					};
				};
			};
			buildConfigurationList = 36397B6C2816A4410083F5AE /* Build configuration list for PBXProject "ChatAppWithFirebase" */;
			compatibilityVersion = "Xcode 13.0";
			developmentRegion = en;
			hasScannedForEncodings = 0;
			knownRegions = (
				en,
				Base,
			);
			mainGroup = 36397B682816A4410083F5AE;
			productRefGroup = 36397B722816A4410083F5AE /* Products */;
			projectDirPath = "";
			projectRoot = "";
			targets = (
				36397B702816A4410083F5AE /* ChatAppWithFirebase */,
				36397B862816A4480083F5AE /* ChatAppWithFirebaseTests */,
				36397B902816A4480083F5AE /* ChatAppWithFirebaseUITests */,
			);
		};
/* End PBXProject section */

/* Begin PBXResourcesBuildPhase section */
		36397B6F2816A4410083F5AE /* Resources */ = {
			isa = PBXResourcesBuildPhase;
			buildActionMask = 2147483647;
			files = (
				362D8E2D2829DFFF00EAC347 /* UserList.storyboard in Resources */,
				36397B812816A4480083F5AE /* LaunchScreen.storyboard in Resources */,
				36397B7E2816A4480083F5AE /* Assets.xcassets in Resources */,
				36541B11283DE5F40047D0E5 /* AccountSetting.storyboard in Resources */,
				36397BA52816A78D0083F5AE /* ChatList.storyboard in Resources */,
				3652B488283DA126004BFAF4 /* TabBarViewController.storyboard in Resources */,
				361A61CD2818426000C464C2 /* ChatRoomTableViewCell.xib in Resources */,
				361A61D428197FBC00C464C2 /* ChatInputAccessoryView.xib in Resources */,
				361A61C928183BCB00C464C2 /* ChatRoom.storyboard in Resources */,
				361A61DA2822890800C464C2 /* SignUp.storyboard in Resources */,
				3652590A2830E37200D42D13 /* Login.storyboard in Resources */,
				361A61D828227BDE00C464C2 /* GoogleService-Info.plist in Resources */,
				365CF74C283F3A5A002F0E12 /* UserListTableViewCell.xib in Resources */,
			);
			runOnlyForDeploymentPostprocessing = 0;
		};
		36397B852816A4480083F5AE /* Resources */ = {
			isa = PBXResourcesBuildPhase;
			buildActionMask = 2147483647;
			files = (
			);
			runOnlyForDeploymentPostprocessing = 0;
		};
		36397B8F2816A4480083F5AE /* Resources */ = {
			isa = PBXResourcesBuildPhase;
			buildActionMask = 2147483647;
			files = (
			);
			runOnlyForDeploymentPostprocessing = 0;
		};
/* End PBXResourcesBuildPhase section */

/* Begin PBXShellScriptBuildPhase section */
		5563DF5A6A5E5C44257ABD47 /* [CP] Check Pods Manifest.lock */ = {
			isa = PBXShellScriptBuildPhase;
			buildActionMask = 2147483647;
			files = (
			);
			inputFileListPaths = (
			);
			inputPaths = (
				"${PODS_PODFILE_DIR_PATH}/Podfile.lock",
				"${PODS_ROOT}/Manifest.lock",
			);
			name = "[CP] Check Pods Manifest.lock";
			outputFileListPaths = (
			);
			outputPaths = (
				"$(DERIVED_FILE_DIR)/Pods-ChatAppWithFirebase-checkManifestLockResult.txt",
			);
			runOnlyForDeploymentPostprocessing = 0;
			shellPath = /bin/sh;
			shellScript = "diff \"${PODS_PODFILE_DIR_PATH}/Podfile.lock\" \"${PODS_ROOT}/Manifest.lock\" > /dev/null\nif [ $? != 0 ] ; then\n    # print error to STDERR\n    echo \"error: The sandbox is not in sync with the Podfile.lock. Run 'pod install' or update your CocoaPods installation.\" >&2\n    exit 1\nfi\n# This output is used by Xcode 'outputs' to avoid re-running this script phase.\necho \"SUCCESS\" > \"${SCRIPT_OUTPUT_FILE_0}\"\n";
			showEnvVarsInLog = 0;
		};
		7560DA2D8F173D8257739480 /* [CP] Check Pods Manifest.lock */ = {
			isa = PBXShellScriptBuildPhase;
			buildActionMask = 2147483647;
			files = (
			);
			inputFileListPaths = (
			);
			inputPaths = (
				"${PODS_PODFILE_DIR_PATH}/Podfile.lock",
				"${PODS_ROOT}/Manifest.lock",
			);
			name = "[CP] Check Pods Manifest.lock";
			outputFileListPaths = (
			);
			outputPaths = (
				"$(DERIVED_FILE_DIR)/Pods-ChatAppWithFirebase-ChatAppWithFirebaseUITests-checkManifestLockResult.txt",
			);
			runOnlyForDeploymentPostprocessing = 0;
			shellPath = /bin/sh;
			shellScript = "diff \"${PODS_PODFILE_DIR_PATH}/Podfile.lock\" \"${PODS_ROOT}/Manifest.lock\" > /dev/null\nif [ $? != 0 ] ; then\n    # print error to STDERR\n    echo \"error: The sandbox is not in sync with the Podfile.lock. Run 'pod install' or update your CocoaPods installation.\" >&2\n    exit 1\nfi\n# This output is used by Xcode 'outputs' to avoid re-running this script phase.\necho \"SUCCESS\" > \"${SCRIPT_OUTPUT_FILE_0}\"\n";
			showEnvVarsInLog = 0;
		};
		A73D7B5885DD4E3318363029 /* [CP] Embed Pods Frameworks */ = {
			isa = PBXShellScriptBuildPhase;
			buildActionMask = 2147483647;
			files = (
			);
			inputFileListPaths = (
				"${PODS_ROOT}/Target Support Files/Pods-ChatAppWithFirebase/Pods-ChatAppWithFirebase-frameworks-${CONFIGURATION}-input-files.xcfilelist",
			);
			name = "[CP] Embed Pods Frameworks";
			outputFileListPaths = (
				"${PODS_ROOT}/Target Support Files/Pods-ChatAppWithFirebase/Pods-ChatAppWithFirebase-frameworks-${CONFIGURATION}-output-files.xcfilelist",
			);
			runOnlyForDeploymentPostprocessing = 0;
			shellPath = /bin/sh;
			shellScript = "\"${PODS_ROOT}/Target Support Files/Pods-ChatAppWithFirebase/Pods-ChatAppWithFirebase-frameworks.sh\"\n";
			showEnvVarsInLog = 0;
		};
		C5F1062C48903B8F41C4A894 /* [CP] Check Pods Manifest.lock */ = {
			isa = PBXShellScriptBuildPhase;
			buildActionMask = 2147483647;
			files = (
			);
			inputFileListPaths = (
			);
			inputPaths = (
				"${PODS_PODFILE_DIR_PATH}/Podfile.lock",
				"${PODS_ROOT}/Manifest.lock",
			);
			name = "[CP] Check Pods Manifest.lock";
			outputFileListPaths = (
			);
			outputPaths = (
				"$(DERIVED_FILE_DIR)/Pods-ChatAppWithFirebaseTests-checkManifestLockResult.txt",
			);
			runOnlyForDeploymentPostprocessing = 0;
			shellPath = /bin/sh;
			shellScript = "diff \"${PODS_PODFILE_DIR_PATH}/Podfile.lock\" \"${PODS_ROOT}/Manifest.lock\" > /dev/null\nif [ $? != 0 ] ; then\n    # print error to STDERR\n    echo \"error: The sandbox is not in sync with the Podfile.lock. Run 'pod install' or update your CocoaPods installation.\" >&2\n    exit 1\nfi\n# This output is used by Xcode 'outputs' to avoid re-running this script phase.\necho \"SUCCESS\" > \"${SCRIPT_OUTPUT_FILE_0}\"\n";
			showEnvVarsInLog = 0;
		};
		E26AB9E0439D1EBA26FFAF52 /* [CP] Embed Pods Frameworks */ = {
			isa = PBXShellScriptBuildPhase;
			buildActionMask = 2147483647;
			files = (
			);
			inputFileListPaths = (
				"${PODS_ROOT}/Target Support Files/Pods-ChatAppWithFirebase-ChatAppWithFirebaseUITests/Pods-ChatAppWithFirebase-ChatAppWithFirebaseUITests-frameworks-${CONFIGURATION}-input-files.xcfilelist",
			);
			name = "[CP] Embed Pods Frameworks";
			outputFileListPaths = (
				"${PODS_ROOT}/Target Support Files/Pods-ChatAppWithFirebase-ChatAppWithFirebaseUITests/Pods-ChatAppWithFirebase-ChatAppWithFirebaseUITests-frameworks-${CONFIGURATION}-output-files.xcfilelist",
			);
			runOnlyForDeploymentPostprocessing = 0;
			shellPath = /bin/sh;
			shellScript = "\"${PODS_ROOT}/Target Support Files/Pods-ChatAppWithFirebase-ChatAppWithFirebaseUITests/Pods-ChatAppWithFirebase-ChatAppWithFirebaseUITests-frameworks.sh\"\n";
			showEnvVarsInLog = 0;
		};
/* End PBXShellScriptBuildPhase section */

/* Begin PBXSourcesBuildPhase section */
		36397B6D2816A4410083F5AE /* Sources */ = {
			isa = PBXSourcesBuildPhase;
			buildActionMask = 2147483647;
			files = (
				3652B486283D9EBD004BFAF4 /* UINavigationController-Extension.swift in Sources */,
				365CF74E283F3AC1002F0E12 /* UserListTableViewCell.swift in Sources */,
				36F4BDF6283C4FF80077CC6E /* UIAlertController-Extension.swift in Sources */,
				3652590C2830EA2300D42D13 /* LoginViewController.swift in Sources */,
				364F50D8282AAFA70023FAA2 /* UIImageView-Extension.swift in Sources */,
				361A61CF2818437400C464C2 /* ChatRoomTableViewCell.swift in Sources */,
				361A61D62819810B00C464C2 /* ChatInputAccessoryView.swift in Sources */,
				361A61DC28240F0900C464C2 /* SignUpViewController.swift in Sources */,
				36397B752816A4410083F5AE /* AppDelegate.swift in Sources */,
				361A61C72818275F00C464C2 /* UIColor-Extension.swift in Sources */,
				36F4BDF4283C4F150077CC6E /* UIViewController-Extension.swift in Sources */,
				36655206282BFBFE005105CF /* ChatRoom.swift in Sources */,
				3655124E2840F54800C7BCAF /* AccessorBase.swift in Sources */,
				36541B13283DE6350047D0E5 /* AccountSettingViewController.swift in Sources */,
				362D8E2F2829E17B00EAC347 /* UserListViewController.swift in Sources */,
				361E5D622827FF5E00BF36D1 /* User.swift in Sources */,
				364169F7282D492F00ABF06C /* Message.swift in Sources */,
				361A61CB28183C2600C464C2 /* ChatRoomViewController.swift in Sources */,
				36397BA72816A8230083F5AE /* ChatListViewController.swift in Sources */,
				365975212841C294000A3AD6 /* ChatRoomAccessor.swift in Sources */,
				3659751F2841BF9B000A3AD6 /* UserAccessor.swift in Sources */,
				3655124C2840F3F100C7BCAF /* AccessorProtcol.swift in Sources */,
				36397B772816A4410083F5AE /* SceneDelegate.swift in Sources */,
			);
			runOnlyForDeploymentPostprocessing = 0;
		};
		36397B832816A4480083F5AE /* Sources */ = {
			isa = PBXSourcesBuildPhase;
			buildActionMask = 2147483647;
			files = (
				36397B8C2816A4480083F5AE /* ChatAppWithFirebaseTests.swift in Sources */,
			);
			runOnlyForDeploymentPostprocessing = 0;
		};
		36397B8D2816A4480083F5AE /* Sources */ = {
			isa = PBXSourcesBuildPhase;
			buildActionMask = 2147483647;
			files = (
				36397B962816A4480083F5AE /* ChatAppWithFirebaseUITests.swift in Sources */,
				36397B982816A4480083F5AE /* ChatAppWithFirebaseUITestsLaunchTests.swift in Sources */,
			);
			runOnlyForDeploymentPostprocessing = 0;
		};
/* End PBXSourcesBuildPhase section */

/* Begin PBXTargetDependency section */
		36397B892816A4480083F5AE /* PBXTargetDependency */ = {
			isa = PBXTargetDependency;
			target = 36397B702816A4410083F5AE /* ChatAppWithFirebase */;
			targetProxy = 36397B882816A4480083F5AE /* PBXContainerItemProxy */;
		};
		36397B932816A4480083F5AE /* PBXTargetDependency */ = {
			isa = PBXTargetDependency;
			target = 36397B702816A4410083F5AE /* ChatAppWithFirebase */;
			targetProxy = 36397B922816A4480083F5AE /* PBXContainerItemProxy */;
		};
/* End PBXTargetDependency section */

/* Begin PBXVariantGroup section */
		36397B7F2816A4480083F5AE /* LaunchScreen.storyboard */ = {
			isa = PBXVariantGroup;
			children = (
				36397B802816A4480083F5AE /* Base */,
			);
			name = LaunchScreen.storyboard;
			sourceTree = "<group>";
		};
/* End PBXVariantGroup section */

/* Begin XCBuildConfiguration section */
		36397B992816A4480083F5AE /* Debug */ = {
			isa = XCBuildConfiguration;
			buildSettings = {
				ALWAYS_SEARCH_USER_PATHS = NO;
				CLANG_ANALYZER_NONNULL = YES;
				CLANG_ANALYZER_NUMBER_OBJECT_CONVERSION = YES_AGGRESSIVE;
				CLANG_CXX_LANGUAGE_STANDARD = "gnu++17";
				CLANG_CXX_LIBRARY = "libc++";
				CLANG_ENABLE_MODULES = YES;
				CLANG_ENABLE_OBJC_ARC = YES;
				CLANG_ENABLE_OBJC_WEAK = YES;
				CLANG_WARN_BLOCK_CAPTURE_AUTORELEASING = YES;
				CLANG_WARN_BOOL_CONVERSION = YES;
				CLANG_WARN_COMMA = YES;
				CLANG_WARN_CONSTANT_CONVERSION = YES;
				CLANG_WARN_DEPRECATED_OBJC_IMPLEMENTATIONS = YES;
				CLANG_WARN_DIRECT_OBJC_ISA_USAGE = YES_ERROR;
				CLANG_WARN_DOCUMENTATION_COMMENTS = YES;
				CLANG_WARN_EMPTY_BODY = YES;
				CLANG_WARN_ENUM_CONVERSION = YES;
				CLANG_WARN_INFINITE_RECURSION = YES;
				CLANG_WARN_INT_CONVERSION = YES;
				CLANG_WARN_NON_LITERAL_NULL_CONVERSION = YES;
				CLANG_WARN_OBJC_IMPLICIT_RETAIN_SELF = YES;
				CLANG_WARN_OBJC_LITERAL_CONVERSION = YES;
				CLANG_WARN_OBJC_ROOT_CLASS = YES_ERROR;
				CLANG_WARN_QUOTED_INCLUDE_IN_FRAMEWORK_HEADER = YES;
				CLANG_WARN_RANGE_LOOP_ANALYSIS = YES;
				CLANG_WARN_STRICT_PROTOTYPES = YES;
				CLANG_WARN_SUSPICIOUS_MOVE = YES;
				CLANG_WARN_UNGUARDED_AVAILABILITY = YES_AGGRESSIVE;
				CLANG_WARN_UNREACHABLE_CODE = YES;
				CLANG_WARN__DUPLICATE_METHOD_MATCH = YES;
				COPY_PHASE_STRIP = NO;
				DEBUG_INFORMATION_FORMAT = dwarf;
				ENABLE_STRICT_OBJC_MSGSEND = YES;
				ENABLE_TESTABILITY = YES;
				GCC_C_LANGUAGE_STANDARD = gnu11;
				GCC_DYNAMIC_NO_PIC = NO;
				GCC_NO_COMMON_BLOCKS = YES;
				GCC_OPTIMIZATION_LEVEL = 0;
				GCC_PREPROCESSOR_DEFINITIONS = (
					"DEBUG=1",
					"$(inherited)",
				);
				GCC_WARN_64_TO_32_BIT_CONVERSION = YES;
				GCC_WARN_ABOUT_RETURN_TYPE = YES_ERROR;
				GCC_WARN_UNDECLARED_SELECTOR = YES;
				GCC_WARN_UNINITIALIZED_AUTOS = YES_AGGRESSIVE;
				GCC_WARN_UNUSED_FUNCTION = YES;
				GCC_WARN_UNUSED_VARIABLE = YES;
				IPHONEOS_DEPLOYMENT_TARGET = 15.0;
				MTL_ENABLE_DEBUG_INFO = INCLUDE_SOURCE;
				MTL_FAST_MATH = YES;
				ONLY_ACTIVE_ARCH = YES;
				SDKROOT = iphoneos;
				SWIFT_ACTIVE_COMPILATION_CONDITIONS = DEBUG;
				SWIFT_OPTIMIZATION_LEVEL = "-Onone";
			};
			name = Debug;
		};
		36397B9A2816A4480083F5AE /* Release */ = {
			isa = XCBuildConfiguration;
			buildSettings = {
				ALWAYS_SEARCH_USER_PATHS = NO;
				CLANG_ANALYZER_NONNULL = YES;
				CLANG_ANALYZER_NUMBER_OBJECT_CONVERSION = YES_AGGRESSIVE;
				CLANG_CXX_LANGUAGE_STANDARD = "gnu++17";
				CLANG_CXX_LIBRARY = "libc++";
				CLANG_ENABLE_MODULES = YES;
				CLANG_ENABLE_OBJC_ARC = YES;
				CLANG_ENABLE_OBJC_WEAK = YES;
				CLANG_WARN_BLOCK_CAPTURE_AUTORELEASING = YES;
				CLANG_WARN_BOOL_CONVERSION = YES;
				CLANG_WARN_COMMA = YES;
				CLANG_WARN_CONSTANT_CONVERSION = YES;
				CLANG_WARN_DEPRECATED_OBJC_IMPLEMENTATIONS = YES;
				CLANG_WARN_DIRECT_OBJC_ISA_USAGE = YES_ERROR;
				CLANG_WARN_DOCUMENTATION_COMMENTS = YES;
				CLANG_WARN_EMPTY_BODY = YES;
				CLANG_WARN_ENUM_CONVERSION = YES;
				CLANG_WARN_INFINITE_RECURSION = YES;
				CLANG_WARN_INT_CONVERSION = YES;
				CLANG_WARN_NON_LITERAL_NULL_CONVERSION = YES;
				CLANG_WARN_OBJC_IMPLICIT_RETAIN_SELF = YES;
				CLANG_WARN_OBJC_LITERAL_CONVERSION = YES;
				CLANG_WARN_OBJC_ROOT_CLASS = YES_ERROR;
				CLANG_WARN_QUOTED_INCLUDE_IN_FRAMEWORK_HEADER = YES;
				CLANG_WARN_RANGE_LOOP_ANALYSIS = YES;
				CLANG_WARN_STRICT_PROTOTYPES = YES;
				CLANG_WARN_SUSPICIOUS_MOVE = YES;
				CLANG_WARN_UNGUARDED_AVAILABILITY = YES_AGGRESSIVE;
				CLANG_WARN_UNREACHABLE_CODE = YES;
				CLANG_WARN__DUPLICATE_METHOD_MATCH = YES;
				COPY_PHASE_STRIP = NO;
				DEBUG_INFORMATION_FORMAT = "dwarf-with-dsym";
				ENABLE_NS_ASSERTIONS = NO;
				ENABLE_STRICT_OBJC_MSGSEND = YES;
				GCC_C_LANGUAGE_STANDARD = gnu11;
				GCC_NO_COMMON_BLOCKS = YES;
				GCC_WARN_64_TO_32_BIT_CONVERSION = YES;
				GCC_WARN_ABOUT_RETURN_TYPE = YES_ERROR;
				GCC_WARN_UNDECLARED_SELECTOR = YES;
				GCC_WARN_UNINITIALIZED_AUTOS = YES_AGGRESSIVE;
				GCC_WARN_UNUSED_FUNCTION = YES;
				GCC_WARN_UNUSED_VARIABLE = YES;
				IPHONEOS_DEPLOYMENT_TARGET = 15.0;
				MTL_ENABLE_DEBUG_INFO = NO;
				MTL_FAST_MATH = YES;
				SDKROOT = iphoneos;
				SWIFT_COMPILATION_MODE = wholemodule;
				SWIFT_OPTIMIZATION_LEVEL = "-O";
				VALIDATE_PRODUCT = YES;
			};
			name = Release;
		};
		36397B9C2816A4480083F5AE /* Debug */ = {
			isa = XCBuildConfiguration;
			baseConfigurationReference = 5A6AACBA3136EB37F70FF097 /* Pods-ChatAppWithFirebase.debug.xcconfig */;
			buildSettings = {
				ASSETCATALOG_COMPILER_APPICON_NAME = AppIcon;
				ASSETCATALOG_COMPILER_GLOBAL_ACCENT_COLOR_NAME = AccentColor;
				CODE_SIGN_STYLE = Automatic;
				CURRENT_PROJECT_VERSION = 1;
				DEVELOPMENT_TEAM = ASYY52PPPV;
				GENERATE_INFOPLIST_FILE = YES;
				INFOPLIST_FILE = ChatAppWithFirebase/Info.plist;
				INFOPLIST_KEY_UIApplicationSupportsIndirectInputEvents = YES;
				INFOPLIST_KEY_UILaunchStoryboardName = LaunchScreen;
				INFOPLIST_KEY_UISupportedInterfaceOrientations_iPad = "UIInterfaceOrientationPortrait UIInterfaceOrientationPortraitUpsideDown UIInterfaceOrientationLandscapeLeft UIInterfaceOrientationLandscapeRight";
				INFOPLIST_KEY_UISupportedInterfaceOrientations_iPhone = "UIInterfaceOrientationPortrait UIInterfaceOrientationLandscapeLeft UIInterfaceOrientationLandscapeRight";
				IPHONEOS_DEPLOYMENT_TARGET = 15.0;
				LD_RUNPATH_SEARCH_PATHS = (
					"$(inherited)",
					"@executable_path/Frameworks",
				);
				MARKETING_VERSION = 1.0;
				PRODUCT_BUNDLE_IDENTIFIER = com.yoshikawa.ChatAppWithFirebase;
				PRODUCT_NAME = "$(TARGET_NAME)";
				SWIFT_EMIT_LOC_STRINGS = YES;
				SWIFT_VERSION = 5.0;
				TARGETED_DEVICE_FAMILY = "1,2";
			};
			name = Debug;
		};
		36397B9D2816A4480083F5AE /* Release */ = {
			isa = XCBuildConfiguration;
			baseConfigurationReference = BDC98C15DEA50926FD4C5682 /* Pods-ChatAppWithFirebase.release.xcconfig */;
			buildSettings = {
				ASSETCATALOG_COMPILER_APPICON_NAME = AppIcon;
				ASSETCATALOG_COMPILER_GLOBAL_ACCENT_COLOR_NAME = AccentColor;
				CODE_SIGN_STYLE = Automatic;
				CURRENT_PROJECT_VERSION = 1;
				DEVELOPMENT_TEAM = ASYY52PPPV;
				GENERATE_INFOPLIST_FILE = YES;
				INFOPLIST_FILE = ChatAppWithFirebase/Info.plist;
				INFOPLIST_KEY_UIApplicationSupportsIndirectInputEvents = YES;
				INFOPLIST_KEY_UILaunchStoryboardName = LaunchScreen;
				INFOPLIST_KEY_UISupportedInterfaceOrientations_iPad = "UIInterfaceOrientationPortrait UIInterfaceOrientationPortraitUpsideDown UIInterfaceOrientationLandscapeLeft UIInterfaceOrientationLandscapeRight";
				INFOPLIST_KEY_UISupportedInterfaceOrientations_iPhone = "UIInterfaceOrientationPortrait UIInterfaceOrientationLandscapeLeft UIInterfaceOrientationLandscapeRight";
				IPHONEOS_DEPLOYMENT_TARGET = 15.0;
				LD_RUNPATH_SEARCH_PATHS = (
					"$(inherited)",
					"@executable_path/Frameworks",
				);
				MARKETING_VERSION = 1.0;
				PRODUCT_BUNDLE_IDENTIFIER = com.yoshikawa.ChatAppWithFirebase;
				PRODUCT_NAME = "$(TARGET_NAME)";
				SWIFT_EMIT_LOC_STRINGS = YES;
				SWIFT_VERSION = 5.0;
				TARGETED_DEVICE_FAMILY = "1,2";
			};
			name = Release;
		};
		36397B9F2816A4480083F5AE /* Debug */ = {
			isa = XCBuildConfiguration;
			baseConfigurationReference = F4AE1AE84F27A7BC018885FE /* Pods-ChatAppWithFirebaseTests.debug.xcconfig */;
			buildSettings = {
				ALWAYS_EMBED_SWIFT_STANDARD_LIBRARIES = YES;
				BUNDLE_LOADER = "$(TEST_HOST)";
				CODE_SIGN_STYLE = Automatic;
				CURRENT_PROJECT_VERSION = 1;
				DEVELOPMENT_TEAM = ASYY52PPPV;
				GENERATE_INFOPLIST_FILE = YES;
				IPHONEOS_DEPLOYMENT_TARGET = 15.0;
				LD_RUNPATH_SEARCH_PATHS = (
					"$(inherited)",
					"@executable_path/Frameworks",
					"@loader_path/Frameworks",
				);
				MARKETING_VERSION = 1.0;
				PRODUCT_BUNDLE_IDENTIFIER = com.yoshikawa.ChatAppWithFirebaseTests;
				PRODUCT_NAME = "$(TARGET_NAME)";
				SWIFT_EMIT_LOC_STRINGS = NO;
				SWIFT_VERSION = 5.0;
				TARGETED_DEVICE_FAMILY = "1,2";
				TEST_HOST = "$(BUILT_PRODUCTS_DIR)/ChatAppWithFirebase.app/ChatAppWithFirebase";
			};
			name = Debug;
		};
		36397BA02816A4480083F5AE /* Release */ = {
			isa = XCBuildConfiguration;
			baseConfigurationReference = 4E50A12F55EA31CDDCA2ADD0 /* Pods-ChatAppWithFirebaseTests.release.xcconfig */;
			buildSettings = {
				ALWAYS_EMBED_SWIFT_STANDARD_LIBRARIES = YES;
				BUNDLE_LOADER = "$(TEST_HOST)";
				CODE_SIGN_STYLE = Automatic;
				CURRENT_PROJECT_VERSION = 1;
				DEVELOPMENT_TEAM = ASYY52PPPV;
				GENERATE_INFOPLIST_FILE = YES;
				IPHONEOS_DEPLOYMENT_TARGET = 15.0;
				LD_RUNPATH_SEARCH_PATHS = (
					"$(inherited)",
					"@executable_path/Frameworks",
					"@loader_path/Frameworks",
				);
				MARKETING_VERSION = 1.0;
				PRODUCT_BUNDLE_IDENTIFIER = com.yoshikawa.ChatAppWithFirebaseTests;
				PRODUCT_NAME = "$(TARGET_NAME)";
				SWIFT_EMIT_LOC_STRINGS = NO;
				SWIFT_VERSION = 5.0;
				TARGETED_DEVICE_FAMILY = "1,2";
				TEST_HOST = "$(BUILT_PRODUCTS_DIR)/ChatAppWithFirebase.app/ChatAppWithFirebase";
			};
			name = Release;
		};
		36397BA22816A4480083F5AE /* Debug */ = {
			isa = XCBuildConfiguration;
			baseConfigurationReference = 67D49CB23275520E2F1CC290 /* Pods-ChatAppWithFirebase-ChatAppWithFirebaseUITests.debug.xcconfig */;
			buildSettings = {
				ALWAYS_EMBED_SWIFT_STANDARD_LIBRARIES = YES;
				CODE_SIGN_STYLE = Automatic;
				CURRENT_PROJECT_VERSION = 1;
				DEVELOPMENT_TEAM = ASYY52PPPV;
				GENERATE_INFOPLIST_FILE = YES;
				LD_RUNPATH_SEARCH_PATHS = (
					"$(inherited)",
					"@executable_path/Frameworks",
					"@loader_path/Frameworks",
				);
				MARKETING_VERSION = 1.0;
				PRODUCT_BUNDLE_IDENTIFIER = com.yoshikawa.ChatAppWithFirebaseUITests;
				PRODUCT_NAME = "$(TARGET_NAME)";
				SWIFT_EMIT_LOC_STRINGS = NO;
				SWIFT_VERSION = 5.0;
				TARGETED_DEVICE_FAMILY = "1,2";
				TEST_TARGET_NAME = ChatAppWithFirebase;
			};
			name = Debug;
		};
		36397BA32816A4480083F5AE /* Release */ = {
			isa = XCBuildConfiguration;
			baseConfigurationReference = 5E9173473CAE558CFCC8E773 /* Pods-ChatAppWithFirebase-ChatAppWithFirebaseUITests.release.xcconfig */;
			buildSettings = {
				ALWAYS_EMBED_SWIFT_STANDARD_LIBRARIES = YES;
				CODE_SIGN_STYLE = Automatic;
				CURRENT_PROJECT_VERSION = 1;
				DEVELOPMENT_TEAM = ASYY52PPPV;
				GENERATE_INFOPLIST_FILE = YES;
				LD_RUNPATH_SEARCH_PATHS = (
					"$(inherited)",
					"@executable_path/Frameworks",
					"@loader_path/Frameworks",
				);
				MARKETING_VERSION = 1.0;
				PRODUCT_BUNDLE_IDENTIFIER = com.yoshikawa.ChatAppWithFirebaseUITests;
				PRODUCT_NAME = "$(TARGET_NAME)";
				SWIFT_EMIT_LOC_STRINGS = NO;
				SWIFT_VERSION = 5.0;
				TARGETED_DEVICE_FAMILY = "1,2";
				TEST_TARGET_NAME = ChatAppWithFirebase;
			};
			name = Release;
		};
/* End XCBuildConfiguration section */

/* Begin XCConfigurationList section */
		36397B6C2816A4410083F5AE /* Build configuration list for PBXProject "ChatAppWithFirebase" */ = {
			isa = XCConfigurationList;
			buildConfigurations = (
				36397B992816A4480083F5AE /* Debug */,
				36397B9A2816A4480083F5AE /* Release */,
			);
			defaultConfigurationIsVisible = 0;
			defaultConfigurationName = Release;
		};
		36397B9B2816A4480083F5AE /* Build configuration list for PBXNativeTarget "ChatAppWithFirebase" */ = {
			isa = XCConfigurationList;
			buildConfigurations = (
				36397B9C2816A4480083F5AE /* Debug */,
				36397B9D2816A4480083F5AE /* Release */,
			);
			defaultConfigurationIsVisible = 0;
			defaultConfigurationName = Release;
		};
		36397B9E2816A4480083F5AE /* Build configuration list for PBXNativeTarget "ChatAppWithFirebaseTests" */ = {
			isa = XCConfigurationList;
			buildConfigurations = (
				36397B9F2816A4480083F5AE /* Debug */,
				36397BA02816A4480083F5AE /* Release */,
			);
			defaultConfigurationIsVisible = 0;
			defaultConfigurationName = Release;
		};
		36397BA12816A4480083F5AE /* Build configuration list for PBXNativeTarget "ChatAppWithFirebaseUITests" */ = {
			isa = XCConfigurationList;
			buildConfigurations = (
				36397BA22816A4480083F5AE /* Debug */,
				36397BA32816A4480083F5AE /* Release */,
			);
			defaultConfigurationIsVisible = 0;
			defaultConfigurationName = Release;
		};
/* End XCConfigurationList section */
	};
	rootObject = 36397B692816A4410083F5AE /* Project object */;
}
